
Microsoft Visual Studio Solution File, Format Version 12.00
# Visual Studio Version 16
VisualStudioVersion = 16.0.30011.22
MinimumVisualStudioVersion = 10.0.40219.1
Project("{9A19103F-16F7-4668-BE54-9A1E7A4F7556}") = "GrobnerBasis", "GrobnerBasis\GrobnerBasis.csproj", "{F58C1E26-BCB3-4D69-A5AA-16E06CDF0F03}"
EndProject
Project("{FAE04EC0-301F-11D3-BF4B-00C04F79EFBC}") = "Coloring", "E:\Bibliotecas\Descargas\automatic-graph-layout-master\Editing\Coloring.csproj", "{2E68A550-16EC-4E12-B4FA-0AF8789D8731}"
EndProject
Project("{FAE04EC0-301F-11D3-BF4B-00C04F79EFBC}") = "Tester", "Tester\Tester.csproj", "{A407F5C3-D554-4A97-9640-E73CB5C6E1C8}"
EndProject
Global
	GlobalSection(SolutionConfigurationPlatforms) = preSolution
		Debug Surface Graph Viewer|Any CPU = Debug Surface Graph Viewer|Any CPU
		Debug Surface Graph Viewer|x64 = Debug Surface Graph Viewer|x64
		Debug Surface Graph Viewer|x86 = Debug Surface Graph Viewer|x86
		Debug|Any CPU = Debug|Any CPU
		Debug|x64 = Debug|x64
		Debug|x86 = Debug|x86
		DebugDevTrace|Any CPU = DebugDevTrace|Any CPU
		DebugDevTrace|x64 = DebugDevTrace|x64
		DebugDevTrace|x86 = DebugDevTrace|x86
		DebugSurface|Any CPU = DebugSurface|Any CPU
		DebugSurface|x64 = DebugSurface|x64
		DebugSurface|x86 = DebugSurface|x86
		DebugWithoutRebuild|Any CPU = DebugWithoutRebuild|Any CPU
		DebugWithoutRebuild|x64 = DebugWithoutRebuild|x64
		DebugWithoutRebuild|x86 = DebugWithoutRebuild|x86
		Release|Any CPU = Release|Any CPU
		Release|x64 = Release|x64
		Release|x86 = Release|x86
		Retail|Any CPU = Retail|Any CPU
		Retail|x64 = Retail|x64
		Retail|x86 = Retail|x86
		Setup|Any CPU = Setup|Any CPU
		Setup|x64 = Setup|x64
		Setup|x86 = Setup|x86
		Surface Graph Viewer - Debug|Any CPU = Surface Graph Viewer - Debug|Any CPU
		Surface Graph Viewer - Debug|x64 = Surface Graph Viewer - Debug|x64
		Surface Graph Viewer - Debug|x86 = Surface Graph Viewer - Debug|x86
		Surface Graph Viewer - Release|Any CPU = Surface Graph Viewer - Release|Any CPU
		Surface Graph Viewer - Release|x64 = Surface Graph Viewer - Release|x64
		Surface Graph Viewer - Release|x86 = Surface Graph Viewer - Release|x86
	EndGlobalSection
	GlobalSection(ProjectConfigurationPlatforms) = postSolution
		{F58C1E26-BCB3-4D69-A5AA-16E06CDF0F03}.Debug Surface Graph Viewer|Any CPU.ActiveCfg = Debug|Any CPU
		{F58C1E26-BCB3-4D69-A5AA-16E06CDF0F03}.Debug Surface Graph Viewer|Any CPU.Build.0 = Debug|Any CPU
		{F58C1E26-BCB3-4D69-A5AA-16E06CDF0F03}.Debug Surface Graph Viewer|x64.ActiveCfg = Debug|Any CPU
		{F58C1E26-BCB3-4D69-A5AA-16E06CDF0F03}.Debug Surface Graph Viewer|x64.Build.0 = Debug|Any CPU
		{F58C1E26-BCB3-4D69-A5AA-16E06CDF0F03}.Debug Surface Graph Viewer|x86.ActiveCfg = Debug|Any CPU
		{F58C1E26-BCB3-4D69-A5AA-16E06CDF0F03}.Debug Surface Graph Viewer|x86.Build.0 = Debug|Any CPU
		{F58C1E26-BCB3-4D69-A5AA-16E06CDF0F03}.Debug|Any CPU.ActiveCfg = Debug|Any CPU
		{F58C1E26-BCB3-4D69-A5AA-16E06CDF0F03}.Debug|Any CPU.Build.0 = Debug|Any CPU
		{F58C1E26-BCB3-4D69-A5AA-16E06CDF0F03}.Debug|x64.ActiveCfg = Debug|Any CPU
		{F58C1E26-BCB3-4D69-A5AA-16E06CDF0F03}.Debug|x64.Build.0 = Debug|Any CPU
		{F58C1E26-BCB3-4D69-A5AA-16E06CDF0F03}.Debug|x86.ActiveCfg = Debug|Any CPU
		{F58C1E26-BCB3-4D69-A5AA-16E06CDF0F03}.Debug|x86.Build.0 = Debug|Any CPU
		{F58C1E26-BCB3-4D69-A5AA-16E06CDF0F03}.DebugDevTrace|Any CPU.ActiveCfg = Debug|Any CPU
		{F58C1E26-BCB3-4D69-A5AA-16E06CDF0F03}.DebugDevTrace|Any CPU.Build.0 = Debug|Any CPU
		{F58C1E26-BCB3-4D69-A5AA-16E06CDF0F03}.DebugDevTrace|x64.ActiveCfg = Debug|Any CPU
		{F58C1E26-BCB3-4D69-A5AA-16E06CDF0F03}.DebugDevTrace|x64.Build.0 = Debug|Any CPU
		{F58C1E26-BCB3-4D69-A5AA-16E06CDF0F03}.DebugDevTrace|x86.ActiveCfg = Debug|Any CPU
		{F58C1E26-BCB3-4D69-A5AA-16E06CDF0F03}.DebugDevTrace|x86.Build.0 = Debug|Any CPU
		{F58C1E26-BCB3-4D69-A5AA-16E06CDF0F03}.DebugSurface|Any CPU.ActiveCfg = Debug|Any CPU
		{F58C1E26-BCB3-4D69-A5AA-16E06CDF0F03}.DebugSurface|Any CPU.Build.0 = Debug|Any CPU
		{F58C1E26-BCB3-4D69-A5AA-16E06CDF0F03}.DebugSurface|x64.ActiveCfg = Debug|Any CPU
		{F58C1E26-BCB3-4D69-A5AA-16E06CDF0F03}.DebugSurface|x64.Build.0 = Debug|Any CPU
		{F58C1E26-BCB3-4D69-A5AA-16E06CDF0F03}.DebugSurface|x86.ActiveCfg = Debug|Any CPU
		{F58C1E26-BCB3-4D69-A5AA-16E06CDF0F03}.DebugSurface|x86.Build.0 = Debug|Any CPU
		{F58C1E26-BCB3-4D69-A5AA-16E06CDF0F03}.DebugWithoutRebuild|Any CPU.ActiveCfg = Debug|Any CPU
		{F58C1E26-BCB3-4D69-A5AA-16E06CDF0F03}.DebugWithoutRebuild|Any CPU.Build.0 = Debug|Any CPU
		{F58C1E26-BCB3-4D69-A5AA-16E06CDF0F03}.DebugWithoutRebuild|x64.ActiveCfg = Debug|Any CPU
		{F58C1E26-BCB3-4D69-A5AA-16E06CDF0F03}.DebugWithoutRebuild|x64.Build.0 = Debug|Any CPU
		{F58C1E26-BCB3-4D69-A5AA-16E06CDF0F03}.DebugWithoutRebuild|x86.ActiveCfg = Debug|Any CPU
		{F58C1E26-BCB3-4D69-A5AA-16E06CDF0F03}.DebugWithoutRebuild|x86.Build.0 = Debug|Any CPU
		{F58C1E26-BCB3-4D69-A5AA-16E06CDF0F03}.Release|Any CPU.ActiveCfg = Release|Any CPU
		{F58C1E26-BCB3-4D69-A5AA-16E06CDF0F03}.Release|Any CPU.Build.0 = Release|Any CPU
		{F58C1E26-BCB3-4D69-A5AA-16E06CDF0F03}.Release|x64.ActiveCfg = Release|Any CPU
		{F58C1E26-BCB3-4D69-A5AA-16E06CDF0F03}.Release|x64.Build.0 = Release|Any CPU
		{F58C1E26-BCB3-4D69-A5AA-16E06CDF0F03}.Release|x86.ActiveCfg = Release|Any CPU
		{F58C1E26-BCB3-4D69-A5AA-16E06CDF0F03}.Release|x86.Build.0 = Release|Any CPU
		{F58C1E26-BCB3-4D69-A5AA-16E06CDF0F03}.Retail|Any CPU.ActiveCfg = Release|Any CPU
		{F58C1E26-BCB3-4D69-A5AA-16E06CDF0F03}.Retail|Any CPU.Build.0 = Release|Any CPU
		{F58C1E26-BCB3-4D69-A5AA-16E06CDF0F03}.Retail|x64.ActiveCfg = Release|Any CPU
		{F58C1E26-BCB3-4D69-A5AA-16E06CDF0F03}.Retail|x64.Build.0 = Release|Any CPU
		{F58C1E26-BCB3-4D69-A5AA-16E06CDF0F03}.Retail|x86.ActiveCfg = Release|Any CPU
		{F58C1E26-BCB3-4D69-A5AA-16E06CDF0F03}.Retail|x86.Build.0 = Release|Any CPU
		{F58C1E26-BCB3-4D69-A5AA-16E06CDF0F03}.Setup|Any CPU.ActiveCfg = Release|Any CPU
		{F58C1E26-BCB3-4D69-A5AA-16E06CDF0F03}.Setup|Any CPU.Build.0 = Release|Any CPU
		{F58C1E26-BCB3-4D69-A5AA-16E06CDF0F03}.Setup|x64.ActiveCfg = Release|Any CPU
		{F58C1E26-BCB3-4D69-A5AA-16E06CDF0F03}.Setup|x64.Build.0 = Release|Any CPU
		{F58C1E26-BCB3-4D69-A5AA-16E06CDF0F03}.Setup|x86.ActiveCfg = Release|Any CPU
		{F58C1E26-BCB3-4D69-A5AA-16E06CDF0F03}.Setup|x86.Build.0 = Release|Any CPU
		{F58C1E26-BCB3-4D69-A5AA-16E06CDF0F03}.Surface Graph Viewer - Debug|Any CPU.ActiveCfg = Debug|Any CPU
		{F58C1E26-BCB3-4D69-A5AA-16E06CDF0F03}.Surface Graph Viewer - Debug|Any CPU.Build.0 = Debug|Any CPU
		{F58C1E26-BCB3-4D69-A5AA-16E06CDF0F03}.Surface Graph Viewer - Debug|x64.ActiveCfg = Debug|Any CPU
		{F58C1E26-BCB3-4D69-A5AA-16E06CDF0F03}.Surface Graph Viewer - Debug|x64.Build.0 = Debug|Any CPU
		{F58C1E26-BCB3-4D69-A5AA-16E06CDF0F03}.Surface Graph Viewer - Debug|x86.ActiveCfg = Debug|Any CPU
		{F58C1E26-BCB3-4D69-A5AA-16E06CDF0F03}.Surface Graph Viewer - Debug|x86.Build.0 = Debug|Any CPU
		{F58C1E26-BCB3-4D69-A5AA-16E06CDF0F03}.Surface Graph Viewer - Release|Any CPU.ActiveCfg = Release|Any CPU
		{F58C1E26-BCB3-4D69-A5AA-16E06CDF0F03}.Surface Graph Viewer - Release|Any CPU.Build.0 = Release|Any CPU
		{F58C1E26-BCB3-4D69-A5AA-16E06CDF0F03}.Surface Graph Viewer - Release|x64.ActiveCfg = Release|Any CPU
		{F58C1E26-BCB3-4D69-A5AA-16E06CDF0F03}.Surface Graph Viewer - Release|x64.Build.0 = Release|Any CPU
		{F58C1E26-BCB3-4D69-A5AA-16E06CDF0F03}.Surface Graph Viewer - Release|x86.ActiveCfg = Release|Any CPU
		{F58C1E26-BCB3-4D69-A5AA-16E06CDF0F03}.Surface Graph Viewer - Release|x86.Build.0 = Release|Any CPU
		{2E68A550-16EC-4E12-B4FA-0AF8789D8731}.Debug Surface Graph Viewer|Any CPU.ActiveCfg = Debug Surface Graph Viewer|Any CPU
		{2E68A550-16EC-4E12-B4FA-0AF8789D8731}.Debug Surface Graph Viewer|Any CPU.Build.0 = Debug Surface Graph Viewer|Any CPU
		{2E68A550-16EC-4E12-B4FA-0AF8789D8731}.Debug Surface Graph Viewer|x64.ActiveCfg = Debug Surface Graph Viewer|x64
		{2E68A550-16EC-4E12-B4FA-0AF8789D8731}.Debug Surface Graph Viewer|x64.Build.0 = Debug Surface Graph Viewer|x64
		{2E68A550-16EC-4E12-B4FA-0AF8789D8731}.Debug Surface Graph Viewer|x86.ActiveCfg = Debug Surface Graph Viewer|x86
		{2E68A550-16EC-4E12-B4FA-0AF8789D8731}.Debug Surface Graph Viewer|x86.Build.0 = Debug Surface Graph Viewer|x86
		{2E68A550-16EC-4E12-B4FA-0AF8789D8731}.Debug|Any CPU.ActiveCfg = Debug|Any CPU
		{2E68A550-16EC-4E12-B4FA-0AF8789D8731}.Debug|Any CPU.Build.0 = Debug|Any CPU
		{2E68A550-16EC-4E12-B4FA-0AF8789D8731}.Debug|x64.ActiveCfg = Debug|x64
		{2E68A550-16EC-4E12-B4FA-0AF8789D8731}.Debug|x64.Build.0 = Debug|x64
		{2E68A550-16EC-4E12-B4FA-0AF8789D8731}.Debug|x86.ActiveCfg = Debug|x86
		{2E68A550-16EC-4E12-B4FA-0AF8789D8731}.Debug|x86.Build.0 = Debug|x86
		{2E68A550-16EC-4E12-B4FA-0AF8789D8731}.DebugDevTrace|Any CPU.ActiveCfg = DebugDevTrace|Any CPU
		{2E68A550-16EC-4E12-B4FA-0AF8789D8731}.DebugDevTrace|Any CPU.Build.0 = DebugDevTrace|Any CPU
		{2E68A550-16EC-4E12-B4FA-0AF8789D8731}.DebugDevTrace|x64.ActiveCfg = DebugDevTrace|x64
		{2E68A550-16EC-4E12-B4FA-0AF8789D8731}.DebugDevTrace|x64.Build.0 = DebugDevTrace|x64
		{2E68A550-16EC-4E12-B4FA-0AF8789D8731}.DebugDevTrace|x86.ActiveCfg = DebugDevTrace|x86
		{2E68A550-16EC-4E12-B4FA-0AF8789D8731}.DebugDevTrace|x86.Build.0 = DebugDevTrace|x86
		{2E68A550-16EC-4E12-B4FA-0AF8789D8731}.DebugSurface|Any CPU.ActiveCfg = DebugSurface|Any CPU
		{2E68A550-16EC-4E12-B4FA-0AF8789D8731}.DebugSurface|Any CPU.Build.0 = DebugSurface|Any CPU
		{2E68A550-16EC-4E12-B4FA-0AF8789D8731}.DebugSurface|x64.ActiveCfg = DebugSurface|x64
		{2E68A550-16EC-4E12-B4FA-0AF8789D8731}.DebugSurface|x64.Build.0 = DebugSurface|x64
		{2E68A550-16EC-4E12-B4FA-0AF8789D8731}.DebugSurface|x86.ActiveCfg = DebugSurface|x86
		{2E68A550-16EC-4E12-B4FA-0AF8789D8731}.DebugSurface|x86.Build.0 = DebugSurface|x86
		{2E68A550-16EC-4E12-B4FA-0AF8789D8731}.DebugWithoutRebuild|Any CPU.ActiveCfg = DebugWithoutRebuild|Any CPU
		{2E68A550-16EC-4E12-B4FA-0AF8789D8731}.DebugWithoutRebuild|Any CPU.Build.0 = DebugWithoutRebuild|Any CPU
		{2E68A550-16EC-4E12-B4FA-0AF8789D8731}.DebugWithoutRebuild|x64.ActiveCfg = DebugWithoutRebuild|x64
		{2E68A550-16EC-4E12-B4FA-0AF8789D8731}.DebugWithoutRebuild|x64.Build.0 = DebugWithoutRebuild|x64
		{2E68A550-16EC-4E12-B4FA-0AF8789D8731}.DebugWithoutRebuild|x86.ActiveCfg = DebugWithoutRebuild|x86
		{2E68A550-16EC-4E12-B4FA-0AF8789D8731}.DebugWithoutRebuild|x86.Build.0 = DebugWithoutRebuild|x86
		{2E68A550-16EC-4E12-B4FA-0AF8789D8731}.Release|Any CPU.ActiveCfg = Release|Any CPU
		{2E68A550-16EC-4E12-B4FA-0AF8789D8731}.Release|Any CPU.Build.0 = Release|Any CPU
		{2E68A550-16EC-4E12-B4FA-0AF8789D8731}.Release|x64.ActiveCfg = Release|x64
		{2E68A550-16EC-4E12-B4FA-0AF8789D8731}.Release|x64.Build.0 = Release|x64
		{2E68A550-16EC-4E12-B4FA-0AF8789D8731}.Release|x86.ActiveCfg = Release|x86
		{2E68A550-16EC-4E12-B4FA-0AF8789D8731}.Release|x86.Build.0 = Release|x86
		{2E68A550-16EC-4E12-B4FA-0AF8789D8731}.Retail|Any CPU.ActiveCfg = Retail|Any CPU
		{2E68A550-16EC-4E12-B4FA-0AF8789D8731}.Retail|Any CPU.Build.0 = Retail|Any CPU
		{2E68A550-16EC-4E12-B4FA-0AF8789D8731}.Retail|x64.ActiveCfg = Retail|x64
		{2E68A550-16EC-4E12-B4FA-0AF8789D8731}.Retail|x64.Build.0 = Retail|x64
		{2E68A550-16EC-4E12-B4FA-0AF8789D8731}.Retail|x86.ActiveCfg = Retail|x86
		{2E68A550-16EC-4E12-B4FA-0AF8789D8731}.Retail|x86.Build.0 = Retail|x86
		{2E68A550-16EC-4E12-B4FA-0AF8789D8731}.Setup|Any CPU.ActiveCfg = Setup|Any CPU
		{2E68A550-16EC-4E12-B4FA-0AF8789D8731}.Setup|Any CPU.Build.0 = Setup|Any CPU
		{2E68A550-16EC-4E12-B4FA-0AF8789D8731}.Setup|x64.ActiveCfg = Setup|x64
		{2E68A550-16EC-4E12-B4FA-0AF8789D8731}.Setup|x64.Build.0 = Setup|x64
		{2E68A550-16EC-4E12-B4FA-0AF8789D8731}.Setup|x86.ActiveCfg = Setup|x86
		{2E68A550-16EC-4E12-B4FA-0AF8789D8731}.Setup|x86.Build.0 = Setup|x86
		{2E68A550-16EC-4E12-B4FA-0AF8789D8731}.Surface Graph Viewer - Debug|Any CPU.ActiveCfg = Surface Graph Viewer - Debug|Any CPU
		{2E68A550-16EC-4E12-B4FA-0AF8789D8731}.Surface Graph Viewer - Debug|Any CPU.Build.0 = Surface Graph Viewer - Debug|Any CPU
		{2E68A550-16EC-4E12-B4FA-0AF8789D8731}.Surface Graph Viewer - Debug|x64.ActiveCfg = Surface Graph Viewer - Debug|x64
		{2E68A550-16EC-4E12-B4FA-0AF8789D8731}.Surface Graph Viewer - Debug|x64.Build.0 = Surface Graph Viewer - Debug|x64
		{2E68A550-16EC-4E12-B4FA-0AF8789D8731}.Surface Graph Viewer - Debug|x86.ActiveCfg = Surface Graph Viewer - Debug|x86
		{2E68A550-16EC-4E12-B4FA-0AF8789D8731}.Surface Graph Viewer - Debug|x86.Build.0 = Surface Graph Viewer - Debug|x86
		{2E68A550-16EC-4E12-B4FA-0AF8789D8731}.Surface Graph Viewer - Release|Any CPU.ActiveCfg = Surface Graph Viewer - Release|Any CPU
		{2E68A550-16EC-4E12-B4FA-0AF8789D8731}.Surface Graph Viewer - Release|Any CPU.Build.0 = Surface Graph Viewer - Release|Any CPU
		{2E68A550-16EC-4E12-B4FA-0AF8789D8731}.Surface Graph Viewer - Release|x64.ActiveCfg = Surface Graph Viewer - Release|x64
		{2E68A550-16EC-4E12-B4FA-0AF8789D8731}.Surface Graph Viewer - Release|x64.Build.0 = Surface Graph Viewer - Release|x64
		{2E68A550-16EC-4E12-B4FA-0AF8789D8731}.Surface Graph Viewer - Release|x86.ActiveCfg = Surface Graph Viewer - Release|x86
		{2E68A550-16EC-4E12-B4FA-0AF8789D8731}.Surface Graph Viewer - Release|x86.Build.0 = Surface Graph Viewer - Release|x86
		{A407F5C3-D554-4A97-9640-E73CB5C6E1C8}.Debug Surface Graph Viewer|Any CPU.ActiveCfg = Debug|Any CPU
		{A407F5C3-D554-4A97-9640-E73CB5C6E1C8}.Debug Surface Graph Viewer|Any CPU.Build.0 = Debug|Any CPU
		{A407F5C3-D554-4A97-9640-E73CB5C6E1C8}.Debug Surface Graph Viewer|x64.ActiveCfg = Debug|Any CPU
		{A407F5C3-D554-4A97-9640-E73CB5C6E1C8}.Debug Surface Graph Viewer|x64.Build.0 = Debug|Any CPU
		{A407F5C3-D554-4A97-9640-E73CB5C6E1C8}.Debug Surface Graph Viewer|x86.ActiveCfg = Debug|Any CPU
		{A407F5C3-D554-4A97-9640-E73CB5C6E1C8}.Debug Surface Graph Viewer|x86.Build.0 = Debug|Any CPU
		{A407F5C3-D554-4A97-9640-E73CB5C6E1C8}.Debug|Any CPU.ActiveCfg = Debug|Any CPU
		{A407F5C3-D554-4A97-9640-E73CB5C6E1C8}.Debug|Any CPU.Build.0 = Debug|Any CPU
		{A407F5C3-D554-4A97-9640-E73CB5C6E1C8}.Debug|x64.ActiveCfg = Debug|Any CPU
		{A407F5C3-D554-4A97-9640-E73CB5C6E1C8}.Debug|x64.Build.0 = Debug|Any CPU
		{A407F5C3-D554-4A97-9640-E73CB5C6E1C8}.Debug|x86.ActiveCfg = Debug|Any CPU
		{A407F5C3-D554-4A97-9640-E73CB5C6E1C8}.Debug|x86.Build.0 = Debug|Any CPU
		{A407F5C3-D554-4A97-9640-E73CB5C6E1C8}.DebugDevTrace|Any CPU.ActiveCfg = Debug|Any CPU
		{A407F5C3-D554-4A97-9640-E73CB5C6E1C8}.DebugDevTrace|Any CPU.Build.0 = Debug|Any CPU
		{A407F5C3-D554-4A97-9640-E73CB5C6E1C8}.DebugDevTrace|x64.ActiveCfg = Debug|Any CPU
		{A407F5C3-D554-4A97-9640-E73CB5C6E1C8}.DebugDevTrace|x64.Build.0 = Debug|Any CPU
		{A407F5C3-D554-4A97-9640-E73CB5C6E1C8}.DebugDevTrace|x86.ActiveCfg = Debug|Any CPU
		{A407F5C3-D554-4A97-9640-E73CB5C6E1C8}.DebugDevTrace|x86.Build.0 = Debug|Any CPU
		{A407F5C3-D554-4A97-9640-E73CB5C6E1C8}.DebugSurface|Any CPU.ActiveCfg = Debug|Any CPU
		{A407F5C3-D554-4A97-9640-E73CB5C6E1C8}.DebugSurface|Any CPU.Build.0 = Debug|Any CPU
		{A407F5C3-D554-4A97-9640-E73CB5C6E1C8}.DebugSurface|x64.ActiveCfg = Debug|Any CPU
		{A407F5C3-D554-4A97-9640-E73CB5C6E1C8}.DebugSurface|x64.Build.0 = Debug|Any CPU
		{A407F5C3-D554-4A97-9640-E73CB5C6E1C8}.DebugSurface|x86.ActiveCfg = Debug|Any CPU
		{A407F5C3-D554-4A97-9640-E73CB5C6E1C8}.DebugSurface|x86.Build.0 = Debug|Any CPU
		{A407F5C3-D554-4A97-9640-E73CB5C6E1C8}.DebugWithoutRebuild|Any CPU.ActiveCfg = Debug|Any CPU
		{A407F5C3-D554-4A97-9640-E73CB5C6E1C8}.DebugWithoutRebuild|Any CPU.Build.0 = Debug|Any CPU
		{A407F5C3-D554-4A97-9640-E73CB5C6E1C8}.DebugWithoutRebuild|x64.ActiveCfg = Debug|Any CPU
		{A407F5C3-D554-4A97-9640-E73CB5C6E1C8}.DebugWithoutRebuild|x64.Build.0 = Debug|Any CPU
		{A407F5C3-D554-4A97-9640-E73CB5C6E1C8}.DebugWithoutRebuild|x86.ActiveCfg = Debug|Any CPU
		{A407F5C3-D554-4A97-9640-E73CB5C6E1C8}.DebugWithoutRebuild|x86.Build.0 = Debug|Any CPU
		{A407F5C3-D554-4A97-9640-E73CB5C6E1C8}.Release|Any CPU.ActiveCfg = Release|Any CPU
		{A407F5C3-D554-4A97-9640-E73CB5C6E1C8}.Release|Any CPU.Build.0 = Release|Any CPU
		{A407F5C3-D554-4A97-9640-E73CB5C6E1C8}.Release|x64.ActiveCfg = Release|Any CPU
		{A407F5C3-D554-4A97-9640-E73CB5C6E1C8}.Release|x64.Build.0 = Release|Any CPU
		{A407F5C3-D554-4A97-9640-E73CB5C6E1C8}.Release|x86.ActiveCfg = Release|Any CPU
		{A407F5C3-D554-4A97-9640-E73CB5C6E1C8}.Release|x86.Build.0 = Release|Any CPU
		{A407F5C3-D554-4A97-9640-E73CB5C6E1C8}.Retail|Any CPU.ActiveCfg = Release|Any CPU
		{A407F5C3-D554-4A97-9640-E73CB5C6E1C8}.Retail|Any CPU.Build.0 = Release|Any CPU
		{A407F5C3-D554-4A97-9640-E73CB5C6E1C8}.Retail|x64.ActiveCfg = Release|Any CPU
		{A407F5C3-D554-4A97-9640-E73CB5C6E1C8}.Retail|x64.Build.0 = Release|Any CPU
		{A407F5C3-D554-4A97-9640-E73CB5C6E1C8}.Retail|x86.ActiveCfg = Release|Any CPU
		{A407F5C3-D554-4A97-9640-E73CB5C6E1C8}.Retail|x86.Build.0 = Release|Any CPU
		{A407F5C3-D554-4A97-9640-E73CB5C6E1C8}.Setup|Any CPU.ActiveCfg = Debug|Any CPU
		{A407F5C3-D554-4A97-9640-E73CB5C6E1C8}.Setup|Any CPU.Build.0 = Debug|Any CPU
		{A407F5C3-D554-4A97-9640-E73CB5C6E1C8}.Setup|x64.ActiveCfg = Debug|Any CPU
		{A407F5C3-D554-4A97-9640-E73CB5C6E1C8}.Setup|x64.Build.0 = Debug|Any CPU
		{A407F5C3-D554-4A97-9640-E73CB5C6E1C8}.Setup|x86.ActiveCfg = Debug|Any CPU
		{A407F5C3-D554-4A97-9640-E73CB5C6E1C8}.Setup|x86.Build.0 = Debug|Any CPU
		{A407F5C3-D554-4A97-9640-E73CB5C6E1C8}.Surface Graph Viewer - Debug|Any CPU.ActiveCfg = Debug|Any CPU
		{A407F5C3-D554-4A97-9640-E73CB5C6E1C8}.Surface Graph Viewer - Debug|Any CPU.Build.0 = Debug|Any CPU
		{A407F5C3-D554-4A97-9640-E73CB5C6E1C8}.Surface Graph Viewer - Debug|x64.ActiveCfg = Debug|Any CPU
		{A407F5C3-D554-4A97-9640-E73CB5C6E1C8}.Surface Graph Viewer - Debug|x64.Build.0 = Debug|Any CPU
		{A407F5C3-D554-4A97-9640-E73CB5C6E1C8}.Surface Graph Viewer - Debug|x86.ActiveCfg = Debug|Any CPU
		{A407F5C3-D554-4A97-9640-E73CB5C6E1C8}.Surface Graph Viewer - Debug|x86.Build.0 = Debug|Any CPU
		{A407F5C3-D554-4A97-9640-E73CB5C6E1C8}.Surface Graph Viewer - Release|Any CPU.ActiveCfg = Release|Any CPU
		{A407F5C3-D554-4A97-9640-E73CB5C6E1C8}.Surface Graph Viewer - Release|Any CPU.Build.0 = Release|Any CPU
		{A407F5C3-D554-4A97-9640-E73CB5C6E1C8}.Surface Graph Viewer - Release|x64.ActiveCfg = Release|Any CPU
		{A407F5C3-D554-4A97-9640-E73CB5C6E1C8}.Surface Graph Viewer - Release|x64.Build.0 = Release|Any CPU
		{A407F5C3-D554-4A97-9640-E73CB5C6E1C8}.Surface Graph Viewer - Release|x86.ActiveCfg = Release|Any CPU
		{A407F5C3-D554-4A97-9640-E73CB5C6E1C8}.Surface Graph Viewer - Release|x86.Build.0 = Release|Any CPU
	EndGlobalSection
	GlobalSection(SolutionProperties) = preSolution
		HideSolutionNode = FALSE
	EndGlobalSection
	GlobalSection(ExtensibilityGlobals) = postSolution
		SolutionGuid = {04239665-D88D-4D05-8FB6-9E5E38FA21CA}
	EndGlobalSection
EndGlobal
